
Microsoft Visual Studio Solution File, Format Version 12.00
# Visual Studio Version 17
VisualStudioVersion = 17.5.002.0
MinimumVisualStudioVersion = 10.0.40219.1
Project("{9A19103F-16F7-4668-BE54-9A1E7A4F7556}") = "ExemploMenu", "ExemploMenu.csproj", "{C4CC4E94-2339-482C-9343-F21CF1B7A378}"
EndProject
Global
	GlobalSection(SolutionConfigurationPlatforms) = preSolution
		Debug|Any CPU = Debug|Any CPU
		Release|Any CPU = Release|Any CPU
	EndGlobalSection
	GlobalSection(ProjectConfigurationPlatforms) = postSolution
		{C4CC4E94-2339-482C-9343-F21CF1B7A378}.Debug|Any CPU.ActiveCfg = Debug|Any CPU
		{C4CC4E94-2339-482C-9343-F21CF1B7A378}.Debug|Any CPU.Build.0 = Debug|Any CPU
		{C4CC4E94-2339-482C-9343-F21CF1B7A378}.Release|Any CPU.ActiveCfg = Release|Any CPU
		{C4CC4E94-2339-482C-9343-F21CF1B7A378}.Release|Any CPU.Build.0 = Release|Any CPU
	EndGlobalSection
	GlobalSection(SolutionProperties) = preSolution
		HideSolutionNode = FALSE
	EndGlobalSection
	GlobalSection(ExtensibilityGlobals) = postSolution
		SolutionGuid = {C942F398-28A5-45D5-8CFF-F1C037AE834A}
	EndGlobalSection
EndGlobal
